{
  "version": 4,
  "terraform_version": "1.7.3",
  "serial": 22,
  "lineage": "6f1d2e58-3400-3dd2-b298-acedab2586f8",
  "outputs": {},
  "resources": [
    {
      "module": "module.server-record",
      "mode": "data",
      "type": "digitalocean_domain",
      "name": "server",
      "provider": "provider[\"registry.terraform.io/digitalocean/digitalocean\"]",
      "instances": [
        {
          "schema_version": 0,
          "attributes": {
            "id": "boubamahir.com",
            "name": "boubamahir.com",
            "ttl": 1800,
            "urn": "do:domain:boubamahir.com",
            "zone_file": "$ORIGIN boubamahir.com.\n$TTL 1800\nboubamahir.com. IN SOA ns1.digitalocean.com. hostmaster.boubamahir.com. 1708445624 10800 3600 604800 1800\nboubamahir.com. 1800 IN NS ns1.digitalocean.com.\nboubamahir.com. 1800 IN NS ns2.digitalocean.com.\nboubamahir.com. 1800 IN NS ns3.digitalocean.com.\njenkins.boubamahir.com. 3600 IN A 64.226.108.100\ndockerjenkin.boubamahir.com. 3600 IN A 161.35.208.247\nsonarqube.boubamahir.com. 3600 IN A 64.225.111.61\n"
          },
          "sensitive_attributes": []
        }
      ]
    },
    {
      "module": "module.ubuntu-server",
      "mode": "managed",
      "type": "digitalocean_droplet",
      "name": "server",
      "provider": "provider[\"registry.terraform.io/digitalocean/digitalocean\"]",
      "instances": [
        {
          "status": "tainted",
          "schema_version": 1,
          "attributes": {
            "backups": false,
            "created_at": "2024-02-21T14:38:32Z",
            "disk": 80,
            "droplet_agent": null,
            "graceful_shutdown": false,
            "id": "402509458",
            "image": "ubuntu-20-04-x64",
            "ipv4_address": "134.122.89.15",
            "ipv4_address_private": "10.114.0.2",
            "ipv6": false,
            "ipv6_address": "",
            "locked": false,
            "memory": 4096,
            "monitoring": false,
            "name": "server",
            "price_hourly": 0.03571,
            "price_monthly": 24,
            "private_networking": true,
            "region": "fra1",
            "resize_disk": true,
            "size": "s-2vcpu-4gb",
            "ssh_keys": [
              "e1:60:18:52:09:28:79:41:f7:06:ab:e1:0f:45:67:4f"
            ],
            "status": "active",
            "tags": [
              "Server",
              "web"
            ],
            "timeouts": null,
            "urn": "do:droplet:402509458",
            "user_data": null,
            "vcpus": 2,
            "volume_ids": [],
            "vpc_uuid": "604cb757-99ec-4d7b-8da4-1d8981c18983"
          },
          "sensitive_attributes": [],
          "private": "eyJlMmJmYjczMC1lY2FhLTExZTYtOGY4OC0zNDM2M2JjN2M0YzAiOnsiY3JlYXRlIjozNjAwMDAwMDAwMDAwLCJkZWxldGUiOjYwMDAwMDAwMDAwLCJ1cGRhdGUiOjM2MDAwMDAwMDAwMDB9LCJzY2hlbWFfdmVyc2lvbiI6IjEifQ==",
          "dependencies": [
            "module.ubuntu-server.digitalocean_tag.webserver"
          ]
        }
      ]
    },
    {
      "module": "module.ubuntu-server",
      "mode": "managed",
      "type": "digitalocean_tag",
      "name": "webserver",
      "provider": "provider[\"registry.terraform.io/digitalocean/digitalocean\"]",
      "instances": [
        {
          "schema_version": 0,
          "attributes": {
            "databases_count": 0,
            "droplets_count": 1,
            "id": "web",
            "images_count": 0,
            "name": "web",
            "total_resource_count": 1,
            "volume_snapshots_count": 0,
            "volumes_count": 0
          },
          "sensitive_attributes": [],
          "private": "bnVsbA=="
        }
      ]
    }
  ],
  "check_results": null
}
