{
  "version": 4,
  "terraform_version": "1.7.3",
  "serial": 9,
  "lineage": "20705637-f3ce-85dd-73d8-30ed692109a6",
  "outputs": {},
  "resources": [
    {
      "mode": "managed",
      "type": "digitalocean_droplet",
      "name": "demo_droplet",
      "provider": "provider[\"registry.terraform.io/digitalocean/digitalocean\"]",
      "instances": [
        {
          "status": "tainted",
          "schema_version": 1,
          "attributes": {
            "backups": false,
            "created_at": "2024-02-20T01:19:01Z",
            "disk": 80,
            "droplet_agent": null,
            "graceful_shutdown": false,
            "id": "402209386",
            "image": "ubuntu-22-04-x64",
            "ipv4_address": "138.68.66.57",
            "ipv4_address_private": "10.114.0.2",
            "ipv6": false,
            "ipv6_address": "",
            "locked": false,
            "memory": 4096,
            "monitoring": false,
            "name": "web-1",
            "price_hourly": 0.03571,
            "price_monthly": 24,
            "private_networking": true,
            "region": "fra1",
            "resize_disk": true,
            "size": "s-2vcpu-4gb",
            "ssh_keys": [
              "e1:60:18:52:09:28:79:41:f7:06:ab:e1:0f:45:67:4f"
            ],
            "status": "active",
            "tags": null,
            "timeouts": null,
            "urn": "do:droplet:402209386",
            "user_data": null,
            "vcpus": 2,
            "volume_ids": [],
            "vpc_uuid": "604cb757-99ec-4d7b-8da4-1d8981c18983"
          },
          "sensitive_attributes": [],
          "private": "eyJlMmJmYjczMC1lY2FhLTExZTYtOGY4OC0zNDM2M2JjN2M0YzAiOnsiY3JlYXRlIjozNjAwMDAwMDAwMDAwLCJkZWxldGUiOjYwMDAwMDAwMDAwLCJ1cGRhdGUiOjM2MDAwMDAwMDAwMDB9LCJzY2hlbWFfdmVyc2lvbiI6IjEifQ=="
        }
      ]
    }
  ],
  "check_results": null
}
